
Microsoft Visual Studio Solution File, Format Version 12.00
# Visual Studio Version 17
VisualStudioVersion = 17.7.34031.279
MinimumVisualStudioVersion = 10.0.40219.1
Project("{FAE04EC0-301F-11D3-BF4B-00C04F79EFBC}") = "meowCat", "meowCat.csproj", "{0FEFE440-2E7B-4EA5-9732-273082D7651E}"
EndProject
Global
	GlobalSection(SolutionConfigurationPlatforms) = preSolution
		Debug|Any CPU = Debug|Any CPU
		Release|Any CPU = Release|Any CPU
	EndGlobalSection
	GlobalSection(ProjectConfigurationPlatforms) = postSolution
		{0FEFE440-2E7B-4EA5-9732-273082D7651E}.Debug|Any CPU.ActiveCfg = Debug|Any CPU
		{0FEFE440-2E7B-4EA5-9732-273082D7651E}.Debug|Any CPU.Build.0 = Debug|Any CPU
		{0FEFE440-2E7B-4EA5-9732-273082D7651E}.Release|Any CPU.ActiveCfg = Release|Any CPU
		{0FEFE440-2E7B-4EA5-9732-273082D7651E}.Release|Any CPU.Build.0 = Release|Any CPU
	EndGlobalSection
	GlobalSection(SolutionProperties) = preSolution
		HideSolutionNode = FALSE
	EndGlobalSection
	GlobalSection(ExtensibilityGlobals) = postSolution
		SolutionGuid = {5FBBD317-7586-49D7-917A-4B0B4E6DB113}
	EndGlobalSection
EndGlobal
